
Microsoft Visual Studio Solution File, Format Version 12.00
# Visual Studio Version 17
VisualStudioVersion = 17.9.34728.123
MinimumVisualStudioVersion = 10.0.40219.1
Project("{FAE04EC0-301F-11D3-BF4B-00C04F79EFBC}") = "CreationPatternPractice", "CreationPatternPractice.csproj", "{FC244E45-B026-494E-9AF8-D6EFFFA65A02}"
EndProject
Global
	GlobalSection(SolutionConfigurationPlatforms) = preSolution
		Debug|Any CPU = Debug|Any CPU
		Release|Any CPU = Release|Any CPU
	EndGlobalSection
	GlobalSection(ProjectConfigurationPlatforms) = postSolution
		{FC244E45-B026-494E-9AF8-D6EFFFA65A02}.Debug|Any CPU.ActiveCfg = Debug|Any CPU
		{FC244E45-B026-494E-9AF8-D6EFFFA65A02}.Debug|Any CPU.Build.0 = Debug|Any CPU
		{FC244E45-B026-494E-9AF8-D6EFFFA65A02}.Release|Any CPU.ActiveCfg = Release|Any CPU
		{FC244E45-B026-494E-9AF8-D6EFFFA65A02}.Release|Any CPU.Build.0 = Release|Any CPU
	EndGlobalSection
	GlobalSection(SolutionProperties) = preSolution
		HideSolutionNode = FALSE
	EndGlobalSection
	GlobalSection(ExtensibilityGlobals) = postSolution
		SolutionGuid = {F6CB7DF7-21FD-4C1A-9476-0134644817A4}
	EndGlobalSection
EndGlobal
